// !$*UTF8*$!
{
	archiveVersion = 1;
	classes = {
	};
	objectVersion = 46;
	objects = {

/* Begin PBXBuildFile section */
		7BC999721D7BDFFF005CE3C2 /* AppDelegate.swift in Sources */ = {isa = PBXBuildFile; fileRef = 7BC999711D7BDFFF005CE3C2 /* AppDelegate.swift */; };
		7BC999741D7BDFFF005CE3C2 /* ViewController.swift in Sources */ = {isa = PBXBuildFile; fileRef = 7BC999731D7BDFFF005CE3C2 /* ViewController.swift */; };
		7BC999771D7BDFFF005CE3C2 /* Main.storyboard in Resources */ = {isa = PBXBuildFile; fileRef = 7BC999751D7BDFFF005CE3C2 /* Main.storyboard */; };
		7BC9997A1D7BDFFF005CE3C2 /* Ski_School.xcdatamodeld in Sources */ = {isa = PBXBuildFile; fileRef = 7BC999781D7BDFFF005CE3C2 /* Ski_School.xcdatamodeld */; };
		7BC9997C1D7BDFFF005CE3C2 /* Assets.xcassets in Resources */ = {isa = PBXBuildFile; fileRef = 7BC9997B1D7BDFFF005CE3C2 /* Assets.xcassets */; };
		7BC9997F1D7BDFFF005CE3C2 /* LaunchScreen.storyboard in Resources */ = {isa = PBXBuildFile; fileRef = 7BC9997D1D7BDFFF005CE3C2 /* LaunchScreen.storyboard */; };
		7BC999911D7BE0C6005CE3C2 /* boy1.png in Resources */ = {isa = PBXBuildFile; fileRef = 7BC999871D7BE0C6005CE3C2 /* boy1.png */; };
		7BC999921D7BE0C6005CE3C2 /* boy2.png in Resources */ = {isa = PBXBuildFile; fileRef = 7BC999881D7BE0C6005CE3C2 /* boy2.png */; };
		7BC999931D7BE0C6005CE3C2 /* circle-beginner.png in Resources */ = {isa = PBXBuildFile; fileRef = 7BC999891D7BE0C6005CE3C2 /* circle-beginner.png */; };
		7BC999941D7BE0C6005CE3C2 /* circle-black.png in Resources */ = {isa = PBXBuildFile; fileRef = 7BC9998A1D7BE0C6005CE3C2 /* circle-black.png */; };
		7BC999951D7BE0C6005CE3C2 /* circle-blue.png in Resources */ = {isa = PBXBuildFile; fileRef = 7BC9998B1D7BE0C6005CE3C2 /* circle-blue.png */; };
		7BC999961D7BE0C6005CE3C2 /* circle-green.png in Resources */ = {isa = PBXBuildFile; fileRef = 7BC9998C1D7BE0C6005CE3C2 /* circle-green.png */; };
		7BC999971D7BE0C6005CE3C2 /* girl1.png in Resources */ = {isa = PBXBuildFile; fileRef = 7BC9998D1D7BE0C6005CE3C2 /* girl1.png */; };
		7BC999981D7BE0C6005CE3C2 /* girl2.png in Resources */ = {isa = PBXBuildFile; fileRef = 7BC9998E1D7BE0C6005CE3C2 /* girl2.png */; };
		7BC999991D7BE0C6005CE3C2 /* phone.png in Resources */ = {isa = PBXBuildFile; fileRef = 7BC9998F1D7BE0C6005CE3C2 /* phone.png */; };
		7BC9999A1D7BE0C6005CE3C2 /* sms.png in Resources */ = {isa = PBXBuildFile; fileRef = 7BC999901D7BE0C6005CE3C2 /* sms.png */; };
		7BC9999C1D7BE0FA005CE3C2 /* sample.json in Resources */ = {isa = PBXBuildFile; fileRef = 7BC9999B1D7BE0FA005CE3C2 /* sample.json */; };
		7BC9999E1D7BE181005CE3C2 /* CoreDataStack.swift in Sources */ = {isa = PBXBuildFile; fileRef = 7BC9999D1D7BE181005CE3C2 /* CoreDataStack.swift */; };
		7BC999A01D7BE1C9005CE3C2 /* StudentViewController.swift in Sources */ = {isa = PBXBuildFile; fileRef = 7BC9999F1D7BE1C9005CE3C2 /* StudentViewController.swift */; };
		7BC999A21D7BE1E0005CE3C2 /* StudentInfoTableViewController.swift in Sources */ = {isa = PBXBuildFile; fileRef = 7BC999A11D7BE1E0005CE3C2 /* StudentInfoTableViewController.swift */; };
		7BC999A41D7BE1F1005CE3C2 /* StudentTableViewCell.swift in Sources */ = {isa = PBXBuildFile; fileRef = 7BC999A31D7BE1F1005CE3C2 /* StudentTableViewCell.swift */; };
		7BC999A71D7BE6FD005CE3C2 /* StudentService.swift in Sources */ = {isa = PBXBuildFile; fileRef = 7BC999A61D7BE6FD005CE3C2 /* StudentService.swift */; };
		9B152C4A1DCB396B001220F7 /* SkiSchool_v2->v3.xcmappingmodel in Sources */ = {isa = PBXBuildFile; fileRef = 9B152C491DCB396B001220F7 /* SkiSchool_v2->v3.xcmappingmodel */; };
		9B152C521DCB3BF5001220F7 /* Instructor+CoreDataClass.swift in Sources */ = {isa = PBXBuildFile; fileRef = 9B152C4C1DCB3BF5001220F7 /* Instructor+CoreDataClass.swift */; };
		9B152C531DCB3BF5001220F7 /* Instructor+CoreDataProperties.swift in Sources */ = {isa = PBXBuildFile; fileRef = 9B152C4D1DCB3BF5001220F7 /* Instructor+CoreDataProperties.swift */; };
		9B152C541DCB3BF5001220F7 /* Lesson+CoreDataClass.swift in Sources */ = {isa = PBXBuildFile; fileRef = 9B152C4E1DCB3BF5001220F7 /* Lesson+CoreDataClass.swift */; };
		9B152C551DCB3BF5001220F7 /* Lesson+CoreDataProperties.swift in Sources */ = {isa = PBXBuildFile; fileRef = 9B152C4F1DCB3BF5001220F7 /* Lesson+CoreDataProperties.swift */; };
		9B152C561DCB3BF5001220F7 /* Student+CoreDataClass.swift in Sources */ = {isa = PBXBuildFile; fileRef = 9B152C501DCB3BF5001220F7 /* Student+CoreDataClass.swift */; };
		9B152C571DCB3BF5001220F7 /* Student+CoreDataProperties.swift in Sources */ = {isa = PBXBuildFile; fileRef = 9B152C511DCB3BF5001220F7 /* Student+CoreDataProperties.swift */; };
/* End PBXBuildFile section */

/* Begin PBXFileReference section */
		7BC9996E1D7BDFFF005CE3C2 /* Ski School.app */ = {isa = PBXFileReference; explicitFileType = wrapper.application; includeInIndex = 0; path = "Ski School.app"; sourceTree = BUILT_PRODUCTS_DIR; };
		7BC999711D7BDFFF005CE3C2 /* AppDelegate.swift */ = {isa = PBXFileReference; lastKnownFileType = sourcecode.swift; path = AppDelegate.swift; sourceTree = "<group>"; };
		7BC999731D7BDFFF005CE3C2 /* ViewController.swift */ = {isa = PBXFileReference; lastKnownFileType = sourcecode.swift; path = ViewController.swift; sourceTree = "<group>"; };
		7BC999761D7BDFFF005CE3C2 /* Base */ = {isa = PBXFileReference; lastKnownFileType = file.storyboard; name = Base; path = Base.lproj/Main.storyboard; sourceTree = "<group>"; };
		7BC999791D7BDFFF005CE3C2 /* Ski_School.xcdatamodel */ = {isa = PBXFileReference; lastKnownFileType = wrapper.xcdatamodel; path = Ski_School.xcdatamodel; sourceTree = "<group>"; };
		7BC9997B1D7BDFFF005CE3C2 /* Assets.xcassets */ = {isa = PBXFileReference; lastKnownFileType = folder.assetcatalog; path = Assets.xcassets; sourceTree = "<group>"; };
		7BC9997E1D7BDFFF005CE3C2 /* Base */ = {isa = PBXFileReference; lastKnownFileType = file.storyboard; name = Base; path = Base.lproj/LaunchScreen.storyboard; sourceTree = "<group>"; };
		7BC999801D7BDFFF005CE3C2 /* Info.plist */ = {isa = PBXFileReference; lastKnownFileType = text.plist.xml; path = Info.plist; sourceTree = "<group>"; };
		7BC999871D7BE0C6005CE3C2 /* boy1.png */ = {isa = PBXFileReference; lastKnownFileType = image.png; path = boy1.png; sourceTree = "<group>"; };
		7BC999881D7BE0C6005CE3C2 /* boy2.png */ = {isa = PBXFileReference; lastKnownFileType = image.png; path = boy2.png; sourceTree = "<group>"; };
		7BC999891D7BE0C6005CE3C2 /* circle-beginner.png */ = {isa = PBXFileReference; lastKnownFileType = image.png; path = "circle-beginner.png"; sourceTree = "<group>"; };
		7BC9998A1D7BE0C6005CE3C2 /* circle-black.png */ = {isa = PBXFileReference; lastKnownFileType = image.png; path = "circle-black.png"; sourceTree = "<group>"; };
		7BC9998B1D7BE0C6005CE3C2 /* circle-blue.png */ = {isa = PBXFileReference; lastKnownFileType = image.png; path = "circle-blue.png"; sourceTree = "<group>"; };
		7BC9998C1D7BE0C6005CE3C2 /* circle-green.png */ = {isa = PBXFileReference; lastKnownFileType = image.png; path = "circle-green.png"; sourceTree = "<group>"; };
		7BC9998D1D7BE0C6005CE3C2 /* girl1.png */ = {isa = PBXFileReference; lastKnownFileType = image.png; path = girl1.png; sourceTree = "<group>"; };
		7BC9998E1D7BE0C6005CE3C2 /* girl2.png */ = {isa = PBXFileReference; lastKnownFileType = image.png; path = girl2.png; sourceTree = "<group>"; };
		7BC9998F1D7BE0C6005CE3C2 /* phone.png */ = {isa = PBXFileReference; lastKnownFileType = image.png; path = phone.png; sourceTree = "<group>"; };
		7BC999901D7BE0C6005CE3C2 /* sms.png */ = {isa = PBXFileReference; lastKnownFileType = image.png; path = sms.png; sourceTree = "<group>"; };
		7BC9999B1D7BE0FA005CE3C2 /* sample.json */ = {isa = PBXFileReference; fileEncoding = 4; lastKnownFileType = text.json; path = sample.json; sourceTree = "<group>"; };
		7BC9999D1D7BE181005CE3C2 /* CoreDataStack.swift */ = {isa = PBXFileReference; fileEncoding = 4; lastKnownFileType = sourcecode.swift; path = CoreDataStack.swift; sourceTree = "<group>"; };
		7BC9999F1D7BE1C9005CE3C2 /* StudentViewController.swift */ = {isa = PBXFileReference; fileEncoding = 4; lastKnownFileType = sourcecode.swift; path = StudentViewController.swift; sourceTree = "<group>"; };
		7BC999A11D7BE1E0005CE3C2 /* StudentInfoTableViewController.swift */ = {isa = PBXFileReference; fileEncoding = 4; lastKnownFileType = sourcecode.swift; path = StudentInfoTableViewController.swift; sourceTree = "<group>"; };
		7BC999A31D7BE1F1005CE3C2 /* StudentTableViewCell.swift */ = {isa = PBXFileReference; fileEncoding = 4; lastKnownFileType = sourcecode.swift; path = StudentTableViewCell.swift; sourceTree = "<group>"; };
		7BC999A61D7BE6FD005CE3C2 /* StudentService.swift */ = {isa = PBXFileReference; fileEncoding = 4; lastKnownFileType = sourcecode.swift; path = StudentService.swift; sourceTree = "<group>"; };
		9B152C431DCAEF9E001220F7 /* Ski_School v2.xcdatamodel */ = {isa = PBXFileReference; lastKnownFileType = wrapper.xcdatamodel; path = "Ski_School v2.xcdatamodel"; sourceTree = "<group>"; };
		9B152C481DCB3786001220F7 /* Ski_School v3.xcdatamodel */ = {isa = PBXFileReference; lastKnownFileType = wrapper.xcdatamodel; path = "Ski_School v3.xcdatamodel"; sourceTree = "<group>"; };
		9B152C491DCB396B001220F7 /* SkiSchool_v2->v3.xcmappingmodel */ = {isa = PBXFileReference; lastKnownFileType = wrapper.xcmappingmodel; path = "SkiSchool_v2->v3.xcmappingmodel"; sourceTree = "<group>"; };
		9B152C4C1DCB3BF5001220F7 /* Instructor+CoreDataClass.swift */ = {isa = PBXFileReference; fileEncoding = 4; lastKnownFileType = sourcecode.swift; path = "Instructor+CoreDataClass.swift"; sourceTree = "<group>"; };
		9B152C4D1DCB3BF5001220F7 /* Instructor+CoreDataProperties.swift */ = {isa = PBXFileReference; fileEncoding = 4; lastKnownFileType = sourcecode.swift; path = "Instructor+CoreDataProperties.swift"; sourceTree = "<group>"; };
		9B152C4E1DCB3BF5001220F7 /* Lesson+CoreDataClass.swift */ = {isa = PBXFileReference; fileEncoding = 4; lastKnownFileType = sourcecode.swift; path = "Lesson+CoreDataClass.swift"; sourceTree = "<group>"; };
		9B152C4F1DCB3BF5001220F7 /* Lesson+CoreDataProperties.swift */ = {isa = PBXFileReference; fileEncoding = 4; lastKnownFileType = sourcecode.swift; path = "Lesson+CoreDataProperties.swift"; sourceTree = "<group>"; };
		9B152C501DCB3BF5001220F7 /* Student+CoreDataClass.swift */ = {isa = PBXFileReference; fileEncoding = 4; lastKnownFileType = sourcecode.swift; path = "Student+CoreDataClass.swift"; sourceTree = "<group>"; };
		9B152C511DCB3BF5001220F7 /* Student+CoreDataProperties.swift */ = {isa = PBXFileReference; fileEncoding = 4; lastKnownFileType = sourcecode.swift; path = "Student+CoreDataProperties.swift"; sourceTree = "<group>"; };
/* End PBXFileReference section */

/* Begin PBXFrameworksBuildPhase section */
		7BC9996B1D7BDFFF005CE3C2 /* Frameworks */ = {
			isa = PBXFrameworksBuildPhase;
			buildActionMask = 2147483647;
			files = (
			);
			runOnlyForDeploymentPostprocessing = 0;
		};
/* End PBXFrameworksBuildPhase section */

/* Begin PBXGroup section */
		7BC999651D7BDFFF005CE3C2 = {
			isa = PBXGroup;
			children = (
				7BC999701D7BDFFF005CE3C2 /* Ski School */,
				7BC9996F1D7BDFFF005CE3C2 /* Products */,
			);
			sourceTree = "<group>";
		};
		7BC9996F1D7BDFFF005CE3C2 /* Products */ = {
			isa = PBXGroup;
			children = (
				7BC9996E1D7BDFFF005CE3C2 /* Ski School.app */,
			);
			name = Products;
			sourceTree = "<group>";
		};
		7BC999701D7BDFFF005CE3C2 /* Ski School */ = {
			isa = PBXGroup;
			children = (
				9B152C4B1DCB3BC7001220F7 /* entity */,
				7BC999A51D7BE6ED005CE3C2 /* service */,
				7BC9999D1D7BE181005CE3C2 /* CoreDataStack.swift */,
				7BC9999B1D7BE0FA005CE3C2 /* sample.json */,
				7BC999861D7BE0C6005CE3C2 /* images */,
				7BC999711D7BDFFF005CE3C2 /* AppDelegate.swift */,
				7BC999731D7BDFFF005CE3C2 /* ViewController.swift */,
				7BC999751D7BDFFF005CE3C2 /* Main.storyboard */,
				7BC9997B1D7BDFFF005CE3C2 /* Assets.xcassets */,
				7BC9997D1D7BDFFF005CE3C2 /* LaunchScreen.storyboard */,
				7BC999801D7BDFFF005CE3C2 /* Info.plist */,
				7BC999781D7BDFFF005CE3C2 /* Ski_School.xcdatamodeld */,
				7BC9999F1D7BE1C9005CE3C2 /* StudentViewController.swift */,
				7BC999A11D7BE1E0005CE3C2 /* StudentInfoTableViewController.swift */,
				7BC999A31D7BE1F1005CE3C2 /* StudentTableViewCell.swift */,
				9B152C491DCB396B001220F7 /* SkiSchool_v2->v3.xcmappingmodel */,
			);
			path = "Ski School";
			sourceTree = "<group>";
		};
		7BC999861D7BE0C6005CE3C2 /* images */ = {
			isa = PBXGroup;
			children = (
				7BC999871D7BE0C6005CE3C2 /* boy1.png */,
				7BC999881D7BE0C6005CE3C2 /* boy2.png */,
				7BC999891D7BE0C6005CE3C2 /* circle-beginner.png */,
				7BC9998A1D7BE0C6005CE3C2 /* circle-black.png */,
				7BC9998B1D7BE0C6005CE3C2 /* circle-blue.png */,
				7BC9998C1D7BE0C6005CE3C2 /* circle-green.png */,
				7BC9998D1D7BE0C6005CE3C2 /* girl1.png */,
				7BC9998E1D7BE0C6005CE3C2 /* girl2.png */,
				7BC9998F1D7BE0C6005CE3C2 /* phone.png */,
				7BC999901D7BE0C6005CE3C2 /* sms.png */,
			);
			path = images;
			sourceTree = "<group>";
		};
		7BC999A51D7BE6ED005CE3C2 /* service */ = {
			isa = PBXGroup;
			children = (
				7BC999A61D7BE6FD005CE3C2 /* StudentService.swift */,
			);
			name = service;
			sourceTree = "<group>";
		};
		9B152C4B1DCB3BC7001220F7 /* entity */ = {
			isa = PBXGroup;
			children = (
				9B152C4C1DCB3BF5001220F7 /* Instructor+CoreDataClass.swift */,
				9B152C4D1DCB3BF5001220F7 /* Instructor+CoreDataProperties.swift */,
				9B152C4E1DCB3BF5001220F7 /* Lesson+CoreDataClass.swift */,
				9B152C4F1DCB3BF5001220F7 /* Lesson+CoreDataProperties.swift */,
				9B152C501DCB3BF5001220F7 /* Student+CoreDataClass.swift */,
				9B152C511DCB3BF5001220F7 /* Student+CoreDataProperties.swift */,
			);
			name = entity;
			sourceTree = "<group>";
		};
/* End PBXGroup section */

/* Begin PBXNativeTarget section */
		7BC9996D1D7BDFFF005CE3C2 /* Ski School */ = {
			isa = PBXNativeTarget;
			buildConfigurationList = 7BC999831D7BDFFF005CE3C2 /* Build configuration list for PBXNativeTarget "Ski School" */;
			buildPhases = (
				7BC9996A1D7BDFFF005CE3C2 /* Sources */,
				7BC9996B1D7BDFFF005CE3C2 /* Frameworks */,
				7BC9996C1D7BDFFF005CE3C2 /* Resources */,
			);
			buildRules = (
			);
			dependencies = (
			);
			name = "Ski School";
			productName = "Ski School";
			productReference = 7BC9996E1D7BDFFF005CE3C2 /* Ski School.app */;
			productType = "com.apple.product-type.application";
		};
/* End PBXNativeTarget section */

/* Begin PBXProject section */
		7BC999661D7BDFFF005CE3C2 /* Project object */ = {
			isa = PBXProject;
			attributes = {
				LastSwiftUpdateCheck = 0800;
				LastUpgradeCheck = 0800;
				ORGANIZATIONNAME = devhubs;
				TargetAttributes = {
					7BC9996D1D7BDFFF005CE3C2 = {
						CreatedOnToolsVersion = 8.0;
						DevelopmentTeam = VJGEDW5SA9;
						ProvisioningStyle = Automatic;
					};
				};
			};
			buildConfigurationList = 7BC999691D7BDFFF005CE3C2 /* Build configuration list for PBXProject "Ski School" */;
			compatibilityVersion = "Xcode 3.2";
			developmentRegion = English;
			hasScannedForEncodings = 0;
			knownRegions = (
				en,
				Base,
			);
			mainGroup = 7BC999651D7BDFFF005CE3C2;
			productRefGroup = 7BC9996F1D7BDFFF005CE3C2 /* Products */;
			projectDirPath = "";
			projectRoot = "";
			targets = (
				7BC9996D1D7BDFFF005CE3C2 /* Ski School */,
			);
		};
/* End PBXProject section */

/* Begin PBXResourcesBuildPhase section */
		7BC9996C1D7BDFFF005CE3C2 /* Resources */ = {
			isa = PBXResourcesBuildPhase;
			buildActionMask = 2147483647;
			files = (
				7BC9997F1D7BDFFF005CE3C2 /* LaunchScreen.storyboard in Resources */,
				7BC999951D7BE0C6005CE3C2 /* circle-blue.png in Resources */,
				7BC999991D7BE0C6005CE3C2 /* phone.png in Resources */,
				7BC9999C1D7BE0FA005CE3C2 /* sample.json in Resources */,
				7BC999931D7BE0C6005CE3C2 /* circle-beginner.png in Resources */,
				7BC9999A1D7BE0C6005CE3C2 /* sms.png in Resources */,
				7BC999921D7BE0C6005CE3C2 /* boy2.png in Resources */,
				7BC999981D7BE0C6005CE3C2 /* girl2.png in Resources */,
				7BC999961D7BE0C6005CE3C2 /* circle-green.png in Resources */,
				7BC999971D7BE0C6005CE3C2 /* girl1.png in Resources */,
				7BC9997C1D7BDFFF005CE3C2 /* Assets.xcassets in Resources */,
				7BC999911D7BE0C6005CE3C2 /* boy1.png in Resources */,
				7BC999771D7BDFFF005CE3C2 /* Main.storyboard in Resources */,
				7BC999941D7BE0C6005CE3C2 /* circle-black.png in Resources */,
			);
			runOnlyForDeploymentPostprocessing = 0;
		};
/* End PBXResourcesBuildPhase section */

/* Begin PBXSourcesBuildPhase section */
		7BC9996A1D7BDFFF005CE3C2 /* Sources */ = {
			isa = PBXSourcesBuildPhase;
			buildActionMask = 2147483647;
			files = (
				7BC999A01D7BE1C9005CE3C2 /* StudentViewController.swift in Sources */,
				7BC999741D7BDFFF005CE3C2 /* ViewController.swift in Sources */,
				7BC9997A1D7BDFFF005CE3C2 /* Ski_School.xcdatamodeld in Sources */,
				9B152C561DCB3BF5001220F7 /* Student+CoreDataClass.swift in Sources */,
				9B152C551DCB3BF5001220F7 /* Lesson+CoreDataProperties.swift in Sources */,
				7BC999721D7BDFFF005CE3C2 /* AppDelegate.swift in Sources */,
				9B152C4A1DCB396B001220F7 /* SkiSchool_v2->v3.xcmappingmodel in Sources */,
				9B152C541DCB3BF5001220F7 /* Lesson+CoreDataClass.swift in Sources */,
				9B152C531DCB3BF5001220F7 /* Instructor+CoreDataProperties.swift in Sources */,
				9B152C571DCB3BF5001220F7 /* Student+CoreDataProperties.swift in Sources */,
				7BC999A41D7BE1F1005CE3C2 /* StudentTableViewCell.swift in Sources */,
				9B152C521DCB3BF5001220F7 /* Instructor+CoreDataClass.swift in Sources */,
				7BC9999E1D7BE181005CE3C2 /* CoreDataStack.swift in Sources */,
				7BC999A21D7BE1E0005CE3C2 /* StudentInfoTableViewController.swift in Sources */,
				7BC999A71D7BE6FD005CE3C2 /* StudentService.swift in Sources */,
			);
			runOnlyForDeploymentPostprocessing = 0;
		};
/* End PBXSourcesBuildPhase section */

/* Begin PBXVariantGroup section */
		7BC999751D7BDFFF005CE3C2 /* Main.storyboard */ = {
			isa = PBXVariantGroup;
			children = (
				7BC999761D7BDFFF005CE3C2 /* Base */,
			);
			name = Main.storyboard;
			sourceTree = "<group>";
		};
		7BC9997D1D7BDFFF005CE3C2 /* LaunchScreen.storyboard */ = {
			isa = PBXVariantGroup;
			children = (
				7BC9997E1D7BDFFF005CE3C2 /* Base */,
			);
			name = LaunchScreen.storyboard;
			sourceTree = "<group>";
		};
/* End PBXVariantGroup section */

/* Begin XCBuildConfiguration section */
		7BC999811D7BDFFF005CE3C2 /* Debug */ = {
			isa = XCBuildConfiguration;
			buildSettings = {
				ALWAYS_SEARCH_USER_PATHS = NO;
				CLANG_ANALYZER_NONNULL = YES;
				CLANG_CXX_LANGUAGE_STANDARD = "gnu++0x";
				CLANG_CXX_LIBRARY = "libc++";
				CLANG_ENABLE_MODULES = YES;
				CLANG_ENABLE_OBJC_ARC = YES;
				CLANG_WARN_BOOL_CONVERSION = YES;
				CLANG_WARN_CONSTANT_CONVERSION = YES;
				CLANG_WARN_DIRECT_OBJC_ISA_USAGE = YES_ERROR;
				CLANG_WARN_DOCUMENTATION_COMMENTS = YES;
				CLANG_WARN_EMPTY_BODY = YES;
				CLANG_WARN_ENUM_CONVERSION = YES;
				CLANG_WARN_INFINITE_RECURSION = YES;
				CLANG_WARN_INT_CONVERSION = YES;
				CLANG_WARN_OBJC_ROOT_CLASS = YES_ERROR;
				CLANG_WARN_SUSPICIOUS_MOVES = YES;
				CLANG_WARN_UNREACHABLE_CODE = YES;
				CLANG_WARN__DUPLICATE_METHOD_MATCH = YES;
				"CODE_SIGN_IDENTITY[sdk=iphoneos*]" = "iPhone Developer";
				COPY_PHASE_STRIP = NO;
				DEBUG_INFORMATION_FORMAT = dwarf;
				ENABLE_STRICT_OBJC_MSGSEND = YES;
				ENABLE_TESTABILITY = YES;
				GCC_C_LANGUAGE_STANDARD = gnu99;
				GCC_DYNAMIC_NO_PIC = NO;
				GCC_NO_COMMON_BLOCKS = YES;
				GCC_OPTIMIZATION_LEVEL = 0;
				GCC_PREPROCESSOR_DEFINITIONS = (
					"DEBUG=1",
					"$(inherited)",
				);
				GCC_WARN_64_TO_32_BIT_CONVERSION = YES;
				GCC_WARN_ABOUT_RETURN_TYPE = YES_ERROR;
				GCC_WARN_UNDECLARED_SELECTOR = YES;
				GCC_WARN_UNINITIALIZED_AUTOS = YES_AGGRESSIVE;
				GCC_WARN_UNUSED_FUNCTION = YES;
				GCC_WARN_UNUSED_VARIABLE = YES;
				IPHONEOS_DEPLOYMENT_TARGET = 10.0;
				MTL_ENABLE_DEBUG_INFO = YES;
				ONLY_ACTIVE_ARCH = YES;
				SDKROOT = iphoneos;
				SWIFT_ACTIVE_COMPILATION_CONDITIONS = DEBUG;
				SWIFT_OPTIMIZATION_LEVEL = "-Onone";
			};
			name = Debug;
		};
		7BC999821D7BDFFF005CE3C2 /* Release */ = {
			isa = XCBuildConfiguration;
			buildSettings = {
				ALWAYS_SEARCH_USER_PATHS = NO;
				CLANG_ANALYZER_NONNULL = YES;
				CLANG_CXX_LANGUAGE_STANDARD = "gnu++0x";
				CLANG_CXX_LIBRARY = "libc++";
				CLANG_ENABLE_MODULES = YES;
				CLANG_ENABLE_OBJC_ARC = YES;
				CLANG_WARN_BOOL_CONVERSION = YES;
				CLANG_WARN_CONSTANT_CONVERSION = YES;
				CLANG_WARN_DIRECT_OBJC_ISA_USAGE = YES_ERROR;
				CLANG_WARN_DOCUMENTATION_COMMENTS = YES;
				CLANG_WARN_EMPTY_BODY = YES;
				CLANG_WARN_ENUM_CONVERSION = YES;
				CLANG_WARN_INFINITE_RECURSION = YES;
				CLANG_WARN_INT_CONVERSION = YES;
				CLANG_WARN_OBJC_ROOT_CLASS = YES_ERROR;
				CLANG_WARN_SUSPICIOUS_MOVES = YES;
				CLANG_WARN_UNREACHABLE_CODE = YES;
				CLANG_WARN__DUPLICATE_METHOD_MATCH = YES;
				"CODE_SIGN_IDENTITY[sdk=iphoneos*]" = "iPhone Developer";
				COPY_PHASE_STRIP = NO;
				DEBUG_INFORMATION_FORMAT = "dwarf-with-dsym";
				ENABLE_NS_ASSERTIONS = NO;
				ENABLE_STRICT_OBJC_MSGSEND = YES;
				GCC_C_LANGUAGE_STANDARD = gnu99;
				GCC_NO_COMMON_BLOCKS = YES;
				GCC_WARN_64_TO_32_BIT_CONVERSION = YES;
				GCC_WARN_ABOUT_RETURN_TYPE = YES_ERROR;
				GCC_WARN_UNDECLARED_SELECTOR = YES;
				GCC_WARN_UNINITIALIZED_AUTOS = YES_AGGRESSIVE;
				GCC_WARN_UNUSED_FUNCTION = YES;
				GCC_WARN_UNUSED_VARIABLE = YES;
				IPHONEOS_DEPLOYMENT_TARGET = 10.0;
				MTL_ENABLE_DEBUG_INFO = NO;
				SDKROOT = iphoneos;
				SWIFT_OPTIMIZATION_LEVEL = "-Owholemodule";
				VALIDATE_PRODUCT = YES;
			};
			name = Release;
		};
		7BC999841D7BDFFF005CE3C2 /* Debug */ = {
			isa = XCBuildConfiguration;
			buildSettings = {
				ASSETCATALOG_COMPILER_APPICON_NAME = AppIcon;
				DEVELOPMENT_TEAM = VJGEDW5SA9;
				INFOPLIST_FILE = "Ski School/Info.plist";
				LD_RUNPATH_SEARCH_PATHS = "$(inherited) @executable_path/Frameworks";
				PRODUCT_BUNDLE_IDENTIFIER = com.sunnyleeyun;
				PRODUCT_NAME = "$(TARGET_NAME)";
				SWIFT_VERSION = 3.0;
			};
			name = Debug;
		};
		7BC999851D7BDFFF005CE3C2 /* Release */ = {
			isa = XCBuildConfiguration;
			buildSettings = {
				ASSETCATALOG_COMPILER_APPICON_NAME = AppIcon;
				DEVELOPMENT_TEAM = VJGEDW5SA9;
				INFOPLIST_FILE = "Ski School/Info.plist";
				LD_RUNPATH_SEARCH_PATHS = "$(inherited) @executable_path/Frameworks";
				PRODUCT_BUNDLE_IDENTIFIER = com.sunnyleeyun;
				PRODUCT_NAME = "$(TARGET_NAME)";
				SWIFT_VERSION = 3.0;
			};
			name = Release;
		};
/* End XCBuildConfiguration section */

/* Begin XCConfigurationList section */
		7BC999691D7BDFFF005CE3C2 /* Build configuration list for PBXProject "Ski School" */ = {
			isa = XCConfigurationList;
			buildConfigurations = (
				7BC999811D7BDFFF005CE3C2 /* Debug */,
				7BC999821D7BDFFF005CE3C2 /* Release */,
			);
			defaultConfigurationIsVisible = 0;
			defaultConfigurationName = Release;
		};
		7BC999831D7BDFFF005CE3C2 /* Build configuration list for PBXNativeTarget "Ski School" */ = {
			isa = XCConfigurationList;
			buildConfigurations = (
				7BC999841D7BDFFF005CE3C2 /* Debug */,
				7BC999851D7BDFFF005CE3C2 /* Release */,
			);
			defaultConfigurationIsVisible = 0;
			defaultConfigurationName = Release;
		};
/* End XCConfigurationList section */

/* Begin XCVersionGroup section */
		7BC999781D7BDFFF005CE3C2 /* Ski_School.xcdatamodeld */ = {
			isa = XCVersionGroup;
			children = (
				9B152C481DCB3786001220F7 /* Ski_School v3.xcdatamodel */,
				9B152C431DCAEF9E001220F7 /* Ski_School v2.xcdatamodel */,
				7BC999791D7BDFFF005CE3C2 /* Ski_School.xcdatamodel */,
			);
			currentVersion = 9B152C431DCAEF9E001220F7 /* Ski_School v2.xcdatamodel */;
			path = Ski_School.xcdatamodeld;
			sourceTree = "<group>";
			versionGroupType = wrapper.xcdatamodel;
		};
/* End XCVersionGroup section */
	};
	rootObject = 7BC999661D7BDFFF005CE3C2 /* Project object */;
}
